// !$*UTF8*$!
{
	archiveVersion = 1;
	classes = {
	};
	objectVersion = 50;
	objects = {

/* Begin PBXBuildFile section */
		BE0D47742189FDDE00AFDD95 /* al-fatihah.mp3 in Resources */ = {isa = PBXBuildFile; fileRef = BE0D47732189FDDE00AFDD95 /* al-fatihah.mp3 */; };
		BE0F64A02189FBF600CF104C /* AppDelegate.swift in Sources */ = {isa = PBXBuildFile; fileRef = BE0F649F2189FBF600CF104C /* AppDelegate.swift */; };
		BE0F64A22189FBF600CF104C /* ViewController.swift in Sources */ = {isa = PBXBuildFile; fileRef = BE0F64A12189FBF600CF104C /* ViewController.swift */; };
		BE0F64A52189FBF600CF104C /* Main.storyboard in Resources */ = {isa = PBXBuildFile; fileRef = BE0F64A32189FBF600CF104C /* Main.storyboard */; };
		BE0F64A72189FBF700CF104C /* Assets.xcassets in Resources */ = {isa = PBXBuildFile; fileRef = BE0F64A62189FBF700CF104C /* Assets.xcassets */; };
		BE0F64AA2189FBF700CF104C /* LaunchScreen.storyboard in Resources */ = {isa = PBXBuildFile; fileRef = BE0F64A82189FBF700CF104C /* LaunchScreen.storyboard */; };
/* End PBXBuildFile section */

/* Begin PBXFileReference section */
		BE0D47732189FDDE00AFDD95 /* al-fatihah.mp3 */ = {isa = PBXFileReference; lastKnownFileType = audio.mp3; path = "al-fatihah.mp3"; sourceTree = "<group>"; };
		BE0F649C2189FBF600CF104C /* audioPlayer.app */ = {isa = PBXFileReference; explicitFileType = wrapper.application; includeInIndex = 0; path = audioPlayer.app; sourceTree = BUILT_PRODUCTS_DIR; };
		BE0F649F2189FBF600CF104C /* AppDelegate.swift */ = {isa = PBXFileReference; lastKnownFileType = sourcecode.swift; path = AppDelegate.swift; sourceTree = "<group>"; };
		BE0F64A12189FBF600CF104C /* ViewController.swift */ = {isa = PBXFileReference; lastKnownFileType = sourcecode.swift; path = ViewController.swift; sourceTree = "<group>"; };
		BE0F64A42189FBF600CF104C /* Base */ = {isa = PBXFileReference; lastKnownFileType = file.storyboard; name = Base; path = Base.lproj/Main.storyboard; sourceTree = "<group>"; };
		BE0F64A62189FBF700CF104C /* Assets.xcassets */ = {isa = PBXFileReference; lastKnownFileType = folder.assetcatalog; path = Assets.xcassets; sourceTree = "<group>"; };
		BE0F64A92189FBF700CF104C /* Base */ = {isa = PBXFileReference; lastKnownFileType = file.storyboard; name = Base; path = Base.lproj/LaunchScreen.storyboard; sourceTree = "<group>"; };
		BE0F64AB2189FBF700CF104C /* Info.plist */ = {isa = PBXFileReference; lastKnownFileType = text.plist.xml; path = Info.plist; sourceTree = "<group>"; };
/* End PBXFileReference section */

/* Begin PBXFrameworksBuildPhase section */
		BE0F64992189FBF600CF104C /* Frameworks */ = {
			isa = PBXFrameworksBuildPhase;
			buildActionMask = 2147483647;
			files = (
			);
			runOnlyForDeploymentPostprocessing = 0;
		};
/* End PBXFrameworksBuildPhase section */

/* Begin PBXGroup section */
		BE0F64932189FBF600CF104C = {
			isa = PBXGroup;
			children = (
				BE0F649E2189FBF600CF104C /* audioPlayer */,
				BE0F649D2189FBF600CF104C /* Products */,
			);
			sourceTree = "<group>";
		};
		BE0F649D2189FBF600CF104C /* Products */ = {
			isa = PBXGroup;
			children = (
				BE0F649C2189FBF600CF104C /* audioPlayer.app */,
			);
			name = Products;
			sourceTree = "<group>";
		};
		BE0F649E2189FBF600CF104C /* audioPlayer */ = {
			isa = PBXGroup;
			children = (
				BE0D47732189FDDE00AFDD95 /* al-fatihah.mp3 */,
				BE0F649F2189FBF600CF104C /* AppDelegate.swift */,
				BE0F64A12189FBF600CF104C /* ViewController.swift */,
				BE0F64A32189FBF600CF104C /* Main.storyboard */,
				BE0F64A62189FBF700CF104C /* Assets.xcassets */,
				BE0F64A82189FBF700CF104C /* LaunchScreen.storyboard */,
				BE0F64AB2189FBF700CF104C /* Info.plist */,
			);
			path = audioPlayer;
			sourceTree = "<group>";
		};
/* End PBXGroup section */

/* Begin PBXNativeTarget section */
		BE0F649B2189FBF600CF104C /* audioPlayer */ = {
			isa = PBXNativeTarget;
			buildConfigurationList = BE0F64AE2189FBF700CF104C /* Build configuration list for PBXNativeTarget "audioPlayer" */;
			buildPhases = (
				BE0F64982189FBF600CF104C /* Sources */,
				BE0F64992189FBF600CF104C /* Frameworks */,
				BE0F649A2189FBF600CF104C /* Resources */,
			);
			buildRules = (
			);
			dependencies = (
			);
			name = audioPlayer;
			productName = audioPlayer;
			productReference = BE0F649C2189FBF600CF104C /* audioPlayer.app */;
			productType = "com.apple.product-type.application";
		};
/* End PBXNativeTarget section */

/* Begin PBXProject section */
		BE0F64942189FBF600CF104C /* Project object */ = {
			isa = PBXProject;
			attributes = {
				LastSwiftUpdateCheck = 0940;
				LastUpgradeCheck = 0940;
				TargetAttributes = {
					BE0F649B2189FBF600CF104C = {
						CreatedOnToolsVersion = 9.4;
					};
				};
			};
			buildConfigurationList = BE0F64972189FBF600CF104C /* Build configuration list for PBXProject "audioPlayer" */;
			compatibilityVersion = "Xcode 9.3";
			developmentRegion = en;
			hasScannedForEncodings = 0;
			knownRegions = (
				en,
				Base,
			);
			mainGroup = BE0F64932189FBF600CF104C;
			productRefGroup = BE0F649D2189FBF600CF104C /* Products */;
			projectDirPath = "";
			projectRoot = "";
			targets = (
				BE0F649B2189FBF600CF104C /* audioPlayer */,
			);
		};
/* End PBXProject section */

/* Begin PBXResourcesBuildPhase section */
		BE0F649A2189FBF600CF104C /* Resources */ = {
			isa = PBXResourcesBuildPhase;
			buildActionMask = 2147483647;
			files = (
				BE0F64AA2189FBF700CF104C /* LaunchScreen.storyboard in Resources */,
				BE0F64A72189FBF700CF104C /* Assets.xcassets in Resources */,
				BE0D47742189FDDE00AFDD95 /* al-fatihah.mp3 in Resources */,
				BE0F64A52189FBF600CF104C /* Main.storyboard in Resources */,
			);
			runOnlyForDeploymentPostprocessing = 0;
		};
/* End PBXResourcesBuildPhase section */

/* Begin PBXSourcesBuildPhase section */
		BE0F64982189FBF600CF104C /* Sources */ = {
			isa = PBXSourcesBuildPhase;
			buildActionMask = 2147483647;
			files = (
				BE0F64A22189FBF600CF104C /* ViewController.swift in Sources */,
				BE0F64A02189FBF600CF104C /* AppDelegate.swift in Sources */,
			);
			runOnlyForDeploymentPostprocessing = 0;
		};
/* End PBXSourcesBuildPhase section */

/* Begin PBXVariantGroup section */
		BE0F64A32189FBF600CF104C /* Main.storyboard */ = {
			isa = PBXVariantGroup;
			children = (
				BE0F64A42189FBF600CF104C /* Base */,
			);
			name = Main.storyboard;
			sourceTree = "<group>";
		};
		BE0F64A82189FBF700CF104C /* LaunchScreen.storyboard */ = {
			isa = PBXVariantGroup;
			children = (
				BE0F64A92189FBF700CF104C /* Base */,
			);
			name = LaunchScreen.storyboard;
			sourceTree = "<group>";
		};
/* End PBXVariantGroup section */

/* Begin XCBuildConfiguration section */
		BE0F64AC2189FBF700CF104C /* Debug */ = {
			isa = XCBuildConfiguration;
			buildSettings = {
				ALWAYS_SEARCH_USER_PATHS = NO;
				CLANG_ANALYZER_NONNULL = YES;
				CLANG_ANALYZER_NUMBER_OBJECT_CONVERSION = YES_AGGRESSIVE;
				CLANG_CXX_LANGUAGE_STANDARD = "gnu++14";
				CLANG_CXX_LIBRARY = "libc++";
				CLANG_ENABLE_MODULES = YES;
				CLANG_ENABLE_OBJC_ARC = YES;
				CLANG_ENABLE_OBJC_WEAK = YES;
				CLANG_WARN_BLOCK_CAPTURE_AUTORELEASING = YES;
				CLANG_WARN_BOOL_CONVERSION = YES;
				CLANG_WARN_COMMA = YES;
				CLANG_WARN_CONSTANT_CONVERSION = YES;
				CLANG_WARN_DEPRECATED_OBJC_IMPLEMENTATIONS = YES;
				CLANG_WARN_DIRECT_OBJC_ISA_USAGE = YES_ERROR;
				CLANG_WARN_DOCUMENTATION_COMMENTS = YES;
				CLANG_WARN_EMPTY_BODY = YES;
				CLANG_WARN_ENUM_CONVERSION = YES;
				CLANG_WARN_INFINITE_RECURSION = YES;
				CLANG_WARN_INT_CONVERSION = YES;
				CLANG_WARN_NON_LITERAL_NULL_CONVERSION = YES;
				CLANG_WARN_OBJC_IMPLICIT_RETAIN_SELF = YES;
				CLANG_WARN_OBJC_LITERAL_CONVERSION = YES;
				CLANG_WARN_OBJC_ROOT_CLASS = YES_ERROR;
				CLANG_WARN_RANGE_LOOP_ANALYSIS = YES;
				CLANG_WARN_STRICT_PROTOTYPES = YES;
				CLANG_WARN_SUSPICIOUS_MOVE = YES;
				CLANG_WARN_UNGUARDED_AVAILABILITY = YES_AGGRESSIVE;
				CLANG_WARN_UNREACHABLE_CODE = YES;
				CLANG_WARN__DUPLICATE_METHOD_MATCH = YES;
				CODE_SIGN_IDENTITY = "iPhone Developer";
				COPY_PHASE_STRIP = NO;
				DEBUG_INFORMATION_FORMAT = dwarf;
				ENABLE_STRICT_OBJC_MSGSEND = YES;
				ENABLE_TESTABILITY = YES;
				GCC_C_LANGUAGE_STANDARD = gnu11;
				GCC_DYNAMIC_NO_PIC = NO;
				GCC_NO_COMMON_BLOCKS = YES;
				GCC_OPTIMIZATION_LEVEL = 0;
				GCC_PREPROCESSOR_DEFINITIONS = (
					"DEBUG=1",
					"$(inherited)",
				);
				GCC_WARN_64_TO_32_BIT_CONVERSION = YES;
				GCC_WARN_ABOUT_RETURN_TYPE = YES_ERROR;
				GCC_WARN_UNDECLARED_SELECTOR = YES;
				GCC_WARN_UNINITIALIZED_AUTOS = YES_AGGRESSIVE;
				GCC_WARN_UNUSED_FUNCTION = YES;
				GCC_WARN_UNUSED_VARIABLE = YES;
				IPHONEOS_DEPLOYMENT_TARGET = 11.4;
				MTL_ENABLE_DEBUG_INFO = YES;
				ONLY_ACTIVE_ARCH = YES;
				SDKROOT = iphoneos;
				SWIFT_ACTIVE_COMPILATION_CONDITIONS = DEBUG;
				SWIFT_OPTIMIZATION_LEVEL = "-Onone";
			};
			name = Debug;
		};
		BE0F64AD2189FBF700CF104C /* Release */ = {
			isa = XCBuildConfiguration;
			buildSettings = {
				ALWAYS_SEARCH_USER_PATHS = NO;
				CLANG_ANALYZER_NONNULL = YES;
				CLANG_ANALYZER_NUMBER_OBJECT_CONVERSION = YES_AGGRESSIVE;
				CLANG_CXX_LANGUAGE_STANDARD = "gnu++14";
				CLANG_CXX_LIBRARY = "libc++";
				CLANG_ENABLE_MODULES = YES;
				CLANG_ENABLE_OBJC_ARC = YES;
				CLANG_ENABLE_OBJC_WEAK = YES;
				CLANG_WARN_BLOCK_CAPTURE_AUTORELEASING = YES;
				CLANG_WARN_BOOL_CONVERSION = YES;
				CLANG_WARN_COMMA = YES;
				CLANG_WARN_CONSTANT_CONVERSION = YES;
				CLANG_WARN_DEPRECATED_OBJC_IMPLEMENTATIONS = YES;
				CLANG_WARN_DIRECT_OBJC_ISA_USAGE = YES_ERROR;
				CLANG_WARN_DOCUMENTATION_COMMENTS = YES;
				CLANG_WARN_EMPTY_BODY = YES;
				CLANG_WARN_ENUM_CONVERSION = YES;
				CLANG_WARN_INFINITE_RECURSION = YES;
				CLANG_WARN_INT_CONVERSION = YES;
				CLANG_WARN_NON_LITERAL_NULL_CONVERSION = YES;
				CLANG_WARN_OBJC_IMPLICIT_RETAIN_SELF = YES;
				CLANG_WARN_OBJC_LITERAL_CONVERSION = YES;
				CLANG_WARN_OBJC_ROOT_CLASS = YES_ERROR;
				CLANG_WARN_RANGE_LOOP_ANALYSIS = YES;
				CLANG_WARN_STRICT_PROTOTYPES = YES;
				CLANG_WARN_SUSPICIOUS_MOVE = YES;
				CLANG_WARN_UNGUARDED_AVAILABILITY = YES_AGGRESSIVE;
				CLANG_WARN_UNREACHABLE_CODE = YES;
				CLANG_WARN__DUPLICATE_METHOD_MATCH = YES;
				CODE_SIGN_IDENTITY = "iPhone Developer";
				COPY_PHASE_STRIP = NO;
				DEBUG_INFORMATION_FORMAT = "dwarf-with-dsym";
				ENABLE_NS_ASSERTIONS = NO;
				ENABLE_STRICT_OBJC_MSGSEND = YES;
				GCC_C_LANGUAGE_STANDARD = gnu11;
				GCC_NO_COMMON_BLOCKS = YES;
				GCC_WARN_64_TO_32_BIT_CONVERSION = YES;
				GCC_WARN_ABOUT_RETURN_TYPE = YES_ERROR;
				GCC_WARN_UNDECLARED_SELECTOR = YES;
				GCC_WARN_UNINITIALIZED_AUTOS = YES_AGGRESSIVE;
				GCC_WARN_UNUSED_FUNCTION = YES;
				GCC_WARN_UNUSED_VARIABLE = YES;
				IPHONEOS_DEPLOYMENT_TARGET = 11.4;
				MTL_ENABLE_DEBUG_INFO = NO;
				SDKROOT = iphoneos;
				SWIFT_COMPILATION_MODE = wholemodule;
				SWIFT_OPTIMIZATION_LEVEL = "-O";
				VALIDATE_PRODUCT = YES;
			};
			name = Release;
		};
		BE0F64AF2189FBF700CF104C /* Debug */ = {
			isa = XCBuildConfiguration;
			buildSettings = {
				ASSETCATALOG_COMPILER_APPICON_NAME = AppIcon;
				CODE_SIGN_STYLE = Automatic;
				INFOPLIST_FILE = audioPlayer/Info.plist;
				LD_RUNPATH_SEARCH_PATHS = (
					"$(inherited)",
					"@executable_path/Frameworks",
				);
				PRODUCT_BUNDLE_IDENTIFIER = Iqbal.audioPlayer;
				PRODUCT_NAME = "$(TARGET_NAME)";
				SWIFT_VERSION = 4.0;
				TARGETED_DEVICE_FAMILY = "1,2";
			};
			name = Debug;
		};
		BE0F64B02189FBF700CF104C /* Release */ = {
			isa = XCBuildConfiguration;
			buildSettings = {
				ASSETCATALOG_COMPILER_APPICON_NAME = AppIcon;
				CODE_SIGN_STYLE = Automatic;
				INFOPLIST_FILE = audioPlayer/Info.plist;
				LD_RUNPATH_SEARCH_PATHS = (
					"$(inherited)",
					"@executable_path/Frameworks",
				);
				PRODUCT_BUNDLE_IDENTIFIER = Iqbal.audioPlayer;
				PRODUCT_NAME = "$(TARGET_NAME)";
				SWIFT_VERSION = 4.0;
				TARGETED_DEVICE_FAMILY = "1,2";
			};
			name = Release;
		};
/* End XCBuildConfiguration section */

/* Begin XCConfigurationList section */
		BE0F64972189FBF600CF104C /* Build configuration list for PBXProject "audioPlayer" */ = {
			isa = XCConfigurationList;
			buildConfigurations = (
				BE0F64AC2189FBF700CF104C /* Debug */,
				BE0F64AD2189FBF700CF104C /* Release */,
			);
			defaultConfigurationIsVisible = 0;
			defaultConfigurationName = Release;
		};
		BE0F64AE2189FBF700CF104C /* Build configuration list for PBXNativeTarget "audioPlayer" */ = {
			isa = XCConfigurationList;
			buildConfigurations = (
				BE0F64AF2189FBF700CF104C /* Debug */,
				BE0F64B02189FBF700CF104C /* Release */,
			);
			defaultConfigurationIsVisible = 0;
			defaultConfigurationName = Release;
		};
/* End XCConfigurationList section */
	};
	rootObject = BE0F64942189FBF600CF104C /* Project object */;
}
